
Microsoft Visual Studio Solution File, Format Version 12.00
# Visual Studio Version 17
VisualStudioVersion = 17.5.33502.453
MinimumVisualStudioVersion = 10.0.40219.1
Project("{FAE04EC0-301F-11D3-BF4B-00C04F79EFBC}") = "BlazorServerApp_Examples", "BlazorServerApp_Examples\BlazorServerApp_Examples.csproj", "{2336B88E-CF0B-46F7-A52C-2E687DE1971C}"
EndProject
Project("{FAE04EC0-301F-11D3-BF4B-00C04F79EFBC}") = "BlazorClientApp_Example", "BlazorClientApp_Example\BlazorClientApp_Example.csproj", "{C0CBE7FB-7F1C-448E-890E-2841C6781C1B}"
EndProject
Project("{FAE04EC0-301F-11D3-BF4B-00C04F79EFBC}") = "BlazorExamples_Models", "BlazorExamples_Models\BlazorExamples_Models.csproj", "{D7F8776D-E86B-4209-91D7-61BB268A28CE}"
EndProject
Global
	GlobalSection(SolutionConfigurationPlatforms) = preSolution
		Debug|Any CPU = Debug|Any CPU
		Release|Any CPU = Release|Any CPU
	EndGlobalSection
	GlobalSection(ProjectConfigurationPlatforms) = postSolution
		{2336B88E-CF0B-46F7-A52C-2E687DE1971C}.Debug|Any CPU.ActiveCfg = Debug|Any CPU
		{2336B88E-CF0B-46F7-A52C-2E687DE1971C}.Debug|Any CPU.Build.0 = Debug|Any CPU
		{2336B88E-CF0B-46F7-A52C-2E687DE1971C}.Release|Any CPU.ActiveCfg = Release|Any CPU
		{2336B88E-CF0B-46F7-A52C-2E687DE1971C}.Release|Any CPU.Build.0 = Release|Any CPU
		{C0CBE7FB-7F1C-448E-890E-2841C6781C1B}.Debug|Any CPU.ActiveCfg = Debug|Any CPU
		{C0CBE7FB-7F1C-448E-890E-2841C6781C1B}.Debug|Any CPU.Build.0 = Debug|Any CPU
		{C0CBE7FB-7F1C-448E-890E-2841C6781C1B}.Release|Any CPU.ActiveCfg = Release|Any CPU
		{C0CBE7FB-7F1C-448E-890E-2841C6781C1B}.Release|Any CPU.Build.0 = Release|Any CPU
		{D7F8776D-E86B-4209-91D7-61BB268A28CE}.Debug|Any CPU.ActiveCfg = Debug|Any CPU
		{D7F8776D-E86B-4209-91D7-61BB268A28CE}.Debug|Any CPU.Build.0 = Debug|Any CPU
		{D7F8776D-E86B-4209-91D7-61BB268A28CE}.Release|Any CPU.ActiveCfg = Release|Any CPU
		{D7F8776D-E86B-4209-91D7-61BB268A28CE}.Release|Any CPU.Build.0 = Release|Any CPU
	EndGlobalSection
	GlobalSection(SolutionProperties) = preSolution
		HideSolutionNode = FALSE
	EndGlobalSection
	GlobalSection(ExtensibilityGlobals) = postSolution
		SolutionGuid = {9F27D682-0D30-4470-83B8-7C33F15326A9}
	EndGlobalSection
EndGlobal
